Microsoft Visual Studio Solution File, Format Version 14.00
# Visual Studio 2015

Project("{fd38e05b-a41f-4ffc-a307-e17af9d7bdea}") = "Portal", "D:\src\orgportal\src\Portal\Portal.csproj", "{BFEAAF01-338B-4F0B-BDCC-8F9854A306A8}"
EndProject

Global
	GlobalSection(SolutionConfigurationPlatforms) = preSolution
		Debug|Any CPU = Debug|Any CPU
		Release|Any CPU = Release|Any CPU
	EndGlobalSection
	GlobalSection(ProjectConfigurationPlatforms) = postSolution
		{BFEAAF01-338B-4F0B-BDCC-8F9854A306A8}.Debug|Any CPU.ActiveCfg = Debug|Any CPU
		{BFEAAF01-338B-4F0B-BDCC-8F9854A306A8}.Debug|Any CPU.Build.0 = Debug|Any CPU
		{BFEAAF01-338B-4F0B-BDCC-8F9854A306A8}.Release|Any CPU.ActiveCfg = Release|Any CPU
		{BFEAAF01-338B-4F0B-BDCC-8F9854A306A8}.Release|Any CPU.Build.0 = Release|Any CPU
	EndGlobalSection
	GlobalSection(SolutionProperties) = preSolution
		HideSolutionNode = FALSE
	EndGlobalSection
EndGlobal
